
Microsoft Visual Studio Solution File, Format Version 12.00
# Visual Studio 15
VisualStudioVersion = 15.0.27004.2005
MinimumVisualStudioVersion = 10.0.40219.1
Project("{FAE04EC0-301F-11D3-BF4B-00C04F79EFBC}") = "UnitTestJITA", "UnitTestJITA\UnitTestJITA.csproj", "{33489083-B33D-438D-8102-58B8A4292E4D}"
EndProject
Global
	GlobalSection(SolutionConfigurationPlatforms) = preSolution
		Debug|Any CPU = Debug|Any CPU
		Release|Any CPU = Release|Any CPU
	EndGlobalSection
	GlobalSection(ProjectConfigurationPlatforms) = postSolution
		{33489083-B33D-438D-8102-58B8A4292E4D}.Debug|Any CPU.ActiveCfg = Debug|Any CPU
		{33489083-B33D-438D-8102-58B8A4292E4D}.Debug|Any CPU.Build.0 = Debug|Any CPU
		{33489083-B33D-438D-8102-58B8A4292E4D}.Release|Any CPU.ActiveCfg = Release|Any CPU
		{33489083-B33D-438D-8102-58B8A4292E4D}.Release|Any CPU.Build.0 = Release|Any CPU
	EndGlobalSection
	GlobalSection(SolutionProperties) = preSolution
		HideSolutionNode = FALSE
	EndGlobalSection
	GlobalSection(ExtensibilityGlobals) = postSolution
		SolutionGuid = {48155C6F-29B7-4514-B0B1-6C1C76C5412F}
	EndGlobalSection
EndGlobal
